
Microsoft Visual Studio Solution File, Format Version 12.00
# Visual Studio 15
VisualStudioVersion = 15.0.28307.705
MinimumVisualStudioVersion = 10.0.40219.1
Project("{FAE04EC0-301F-11D3-BF4B-00C04F79EFBC}") = "DAGapp", "DAGapp.csproj", "{CCF7F240-6209-4539-A567-C52A076370AF}"
EndProject
Global
	GlobalSection(SolutionConfigurationPlatforms) = preSolution
		Debug|Any CPU = Debug|Any CPU
		Release|Any CPU = Release|Any CPU
	EndGlobalSection
	GlobalSection(ProjectConfigurationPlatforms) = postSolution
		{CCF7F240-6209-4539-A567-C52A076370AF}.Debug|Any CPU.ActiveCfg = Debug|Any CPU
		{CCF7F240-6209-4539-A567-C52A076370AF}.Debug|Any CPU.Build.0 = Debug|Any CPU
		{CCF7F240-6209-4539-A567-C52A076370AF}.Release|Any CPU.ActiveCfg = Release|Any CPU
		{CCF7F240-6209-4539-A567-C52A076370AF}.Release|Any CPU.Build.0 = Release|Any CPU
	EndGlobalSection
	GlobalSection(SolutionProperties) = preSolution
		HideSolutionNode = FALSE
	EndGlobalSection
	GlobalSection(ExtensibilityGlobals) = postSolution
		SolutionGuid = {DE90B354-2F74-449A-8C6C-50B6BD1006A1}
	EndGlobalSection
EndGlobal
